
Microsoft Visual Studio Solution File, Format Version 12.00
# Visual Studio 15
VisualStudioVersion = 15.0.28307.168
MinimumVisualStudioVersion = 10.0.40219.1
Project("{9A19103F-16F7-4668-BE54-9A1E7A4F7556}") = "RFReborn.Windows", "RFReborn.Windows\RFReborn.Windows.csproj", "{512D9941-AF09-48F4-A2CE-A39AE470EF87}"
EndProject
Project("{2150E333-8FDC-42A3-9474-1A3956D46DE8}") = "Solution Items", "Solution Items", "{C1739FB3-961F-414D-965E-C83371109FE9}"
	ProjectSection(SolutionItems) = preProject
		.editorconfig = .editorconfig
		LICENSE.md = LICENSE.md
	EndProjectSection
EndProject
Global
	GlobalSection(SolutionConfigurationPlatforms) = preSolution
		Debug|Any CPU = Debug|Any CPU
		Release|Any CPU = Release|Any CPU
	EndGlobalSection
	GlobalSection(ProjectConfigurationPlatforms) = postSolution
		{512D9941-AF09-48F4-A2CE-A39AE470EF87}.Debug|Any CPU.ActiveCfg = Debug|Any CPU
		{512D9941-AF09-48F4-A2CE-A39AE470EF87}.Debug|Any CPU.Build.0 = Debug|Any CPU
		{512D9941-AF09-48F4-A2CE-A39AE470EF87}.Release|Any CPU.ActiveCfg = Release|Any CPU
		{512D9941-AF09-48F4-A2CE-A39AE470EF87}.Release|Any CPU.Build.0 = Release|Any CPU
	EndGlobalSection
	GlobalSection(SolutionProperties) = preSolution
		HideSolutionNode = FALSE
	EndGlobalSection
	GlobalSection(ExtensibilityGlobals) = postSolution
		SolutionGuid = {D191A8A5-4775-4380-BB81-504F9C308061}
	EndGlobalSection
EndGlobal
